
Microsoft Visual Studio Solution File, Format Version 12.00
# Visual Studio Version 17
VisualStudioVersion = 17.11.35222.181
MinimumVisualStudioVersion = 10.0.40219.1
Project("{FAE04EC0-301F-11D3-BF4B-00C04F79EFBC}") = "Tic-Tac-Toe", "Tic-Tac-Toe.csproj", "{785B09FF-CF79-44F3-8936-53E066479FE8}"
EndProject
Global
	GlobalSection(SolutionConfigurationPlatforms) = preSolution
		Debug|Any CPU = Debug|Any CPU
		Release|Any CPU = Release|Any CPU
	EndGlobalSection
	GlobalSection(ProjectConfigurationPlatforms) = postSolution
		{785B09FF-CF79-44F3-8936-53E066479FE8}.Debug|Any CPU.ActiveCfg = Debug|Any CPU
		{785B09FF-CF79-44F3-8936-53E066479FE8}.Debug|Any CPU.Build.0 = Debug|Any CPU
		{785B09FF-CF79-44F3-8936-53E066479FE8}.Release|Any CPU.ActiveCfg = Release|Any CPU
		{785B09FF-CF79-44F3-8936-53E066479FE8}.Release|Any CPU.Build.0 = Release|Any CPU
	EndGlobalSection
	GlobalSection(SolutionProperties) = preSolution
		HideSolutionNode = FALSE
	EndGlobalSection
	GlobalSection(ExtensibilityGlobals) = postSolution
		SolutionGuid = {DA61D1C3-30AF-4DCC-A77E-47D233136FC4}
	EndGlobalSection
EndGlobal
